// !$*UTF8*$!
{
	archiveVersion = 1;
	classes = {
	};
	objectVersion = 46;
	objects = {

/* Begin PBXBuildFile section */
		501D072B1D9FFE6A0098C7B2 /* AppDelegate.swift in Sources */ = {isa = PBXBuildFile; fileRef = 501D072A1D9FFE6A0098C7B2 /* AppDelegate.swift */; };
		501D07301D9FFE6A0098C7B2 /* Main.storyboard in Resources */ = {isa = PBXBuildFile; fileRef = 501D072E1D9FFE6A0098C7B2 /* Main.storyboard */; };
		501D07321D9FFE6A0098C7B2 /* Assets.xcassets in Resources */ = {isa = PBXBuildFile; fileRef = 501D07311D9FFE6A0098C7B2 /* Assets.xcassets */; };
		501D07351D9FFE6A0098C7B2 /* LaunchScreen.storyboard in Resources */ = {isa = PBXBuildFile; fileRef = 501D07331D9FFE6A0098C7B2 /* LaunchScreen.storyboard */; };
		501D073E1D9FFFA70098C7B2 /* Champagne & Limousines Bold.ttf in Resources */ = {isa = PBXBuildFile; fileRef = 501D073C1D9FFFA70098C7B2 /* Champagne & Limousines Bold.ttf */; };
		501D073F1D9FFFA70098C7B2 /* Champagne & Limousines.ttf in Resources */ = {isa = PBXBuildFile; fileRef = 501D073D1D9FFFA70098C7B2 /* Champagne & Limousines.ttf */; };
		501D07411DA002550098C7B2 /* CustomLabel.swift in Sources */ = {isa = PBXBuildFile; fileRef = 501D07401DA002550098C7B2 /* CustomLabel.swift */; };
		501D07431DA00B560098C7B2 /* Constantes.swift in Sources */ = {isa = PBXBuildFile; fileRef = 501D07421DA00B560098C7B2 /* Constantes.swift */; };
		501D07451DA015C90098C7B2 /* CustomTextField.swift in Sources */ = {isa = PBXBuildFile; fileRef = 501D07441DA015C90098C7B2 /* CustomTextField.swift */; };
		501D07471DA02B0F0098C7B2 /* BountyHunter.sqlite in Resources */ = {isa = PBXBuildFile; fileRef = 501D07461DA02B0F0098C7B2 /* BountyHunter.sqlite */; };
		501D07491DA02BAD0098C7B2 /* CoreData.framework in Frameworks */ = {isa = PBXBuildFile; fileRef = 501D07481DA02BAD0098C7B2 /* CoreData.framework */; };
		501D076F1DA02EE10098C7B2 /* BountyHunter.xcdatamodeld in Sources */ = {isa = PBXBuildFile; fileRef = 501D076D1DA02EE10098C7B2 /* BountyHunter.xcdatamodeld */; };
		501D07711DA035360098C7B2 /* DBManager.swift in Sources */ = {isa = PBXBuildFile; fileRef = 501D07701DA035360098C7B2 /* DBManager.swift */; };
		50CF4C0E1DA938D500FA7C99 /* FugitivosTableViewController.swift in Sources */ = {isa = PBXBuildFile; fileRef = 50CF4C0D1DA938D500FA7C99 /* FugitivosTableViewController.swift */; };
		50CF4C111DA9452800FA7C99 /* Fugitive+CoreDataProperties.swift in Sources */ = {isa = PBXBuildFile; fileRef = 50CF4C0F1DA9452800FA7C99 /* Fugitive+CoreDataProperties.swift */; };
		50CF4C121DA9452800FA7C99 /* Fugitive.swift in Sources */ = {isa = PBXBuildFile; fileRef = 50CF4C101DA9452800FA7C99 /* Fugitive.swift */; };
		50CF4C141DA9546C00FA7C99 /* CapturadosTableViewController.swift in Sources */ = {isa = PBXBuildFile; fileRef = 50CF4C131DA9546C00FA7C99 /* CapturadosTableViewController.swift */; };
		50CF4C161DA9686D00FA7C99 /* NuevoViewController.swift in Sources */ = {isa = PBXBuildFile; fileRef = 50CF4C151DA9686D00FA7C99 /* NuevoViewController.swift */; };
		7814A9BE1DC3FB47004A32E1 /* CapturadoViewController.swift in Sources */ = {isa = PBXBuildFile; fileRef = 7814A9BD1DC3FB47004A32E1 /* CapturadoViewController.swift */; };
		7814A9C21DC4E89B004A32E1 /* Social.framework in Frameworks */ = {isa = PBXBuildFile; fileRef = 7814A9C11DC4E89B004A32E1 /* Social.framework */; };
		FBAFAE7E1DC3E73100FA7797 /* fugitivo.png in Resources */ = {isa = PBXBuildFile; fileRef = FBAFAE7D1DC3E73100FA7797 /* fugitivo.png */; };
/* End PBXBuildFile section */

/* Begin PBXFileReference section */
		501D07271D9FFE6A0098C7B2 /* BountyHunter.app */ = {isa = PBXFileReference; explicitFileType = wrapper.application; includeInIndex = 0; path = BountyHunter.app; sourceTree = BUILT_PRODUCTS_DIR; };
		501D072A1D9FFE6A0098C7B2 /* AppDelegate.swift */ = {isa = PBXFileReference; lastKnownFileType = sourcecode.swift; path = AppDelegate.swift; sourceTree = "<group>"; };
		501D072F1D9FFE6A0098C7B2 /* Base */ = {isa = PBXFileReference; lastKnownFileType = file.storyboard; name = Base; path = Base.lproj/Main.storyboard; sourceTree = "<group>"; };
		501D07311D9FFE6A0098C7B2 /* Assets.xcassets */ = {isa = PBXFileReference; lastKnownFileType = folder.assetcatalog; path = Assets.xcassets; sourceTree = "<group>"; };
		501D07341D9FFE6A0098C7B2 /* Base */ = {isa = PBXFileReference; lastKnownFileType = file.storyboard; name = Base; path = Base.lproj/LaunchScreen.storyboard; sourceTree = "<group>"; };
		501D07361D9FFE6A0098C7B2 /* Info.plist */ = {isa = PBXFileReference; lastKnownFileType = text.plist.xml; path = Info.plist; sourceTree = "<group>"; };
		501D073C1D9FFFA70098C7B2 /* Champagne & Limousines Bold.ttf */ = {isa = PBXFileReference; lastKnownFileType = file; path = "Champagne & Limousines Bold.ttf"; sourceTree = "<group>"; };
		501D073D1D9FFFA70098C7B2 /* Champagne & Limousines.ttf */ = {isa = PBXFileReference; lastKnownFileType = file; path = "Champagne & Limousines.ttf"; sourceTree = "<group>"; };
		501D07401DA002550098C7B2 /* CustomLabel.swift */ = {isa = PBXFileReference; fileEncoding = 4; lastKnownFileType = sourcecode.swift; path = CustomLabel.swift; sourceTree = "<group>"; };
		501D07421DA00B560098C7B2 /* Constantes.swift */ = {isa = PBXFileReference; fileEncoding = 4; lastKnownFileType = sourcecode.swift; path = Constantes.swift; sourceTree = "<group>"; };
		501D07441DA015C90098C7B2 /* CustomTextField.swift */ = {isa = PBXFileReference; fileEncoding = 4; lastKnownFileType = sourcecode.swift; name = CustomTextField.swift; path = BountyHunter/CustomTextField.swift; sourceTree = "<group>"; };
		501D07461DA02B0F0098C7B2 /* BountyHunter.sqlite */ = {isa = PBXFileReference; lastKnownFileType = file; path = BountyHunter.sqlite; sourceTree = "<group>"; };
		501D07481DA02BAD0098C7B2 /* CoreData.framework */ = {isa = PBXFileReference; lastKnownFileType = wrapper.framework; name = CoreData.framework; path = System/Library/Frameworks/CoreData.framework; sourceTree = SDKROOT; };
		501D076E1DA02EE10098C7B2 /* BountyHunter.xcdatamodel */ = {isa = PBXFileReference; lastKnownFileType = wrapper.xcdatamodel; path = BountyHunter.xcdatamodel; sourceTree = "<group>"; };
		501D07701DA035360098C7B2 /* DBManager.swift */ = {isa = PBXFileReference; fileEncoding = 4; lastKnownFileType = sourcecode.swift; name = DBManager.swift; path = BountyHunter/DBManager.swift; sourceTree = "<group>"; };
		50CF4C0D1DA938D500FA7C99 /* FugitivosTableViewController.swift */ = {isa = PBXFileReference; fileEncoding = 4; lastKnownFileType = sourcecode.swift; name = FugitivosTableViewController.swift; path = BountyHunter/FugitivosTableViewController.swift; sourceTree = "<group>"; };
		50CF4C0F1DA9452800FA7C99 /* Fugitive+CoreDataProperties.swift */ = {isa = PBXFileReference; fileEncoding = 4; lastKnownFileType = sourcecode.swift; path = "Fugitive+CoreDataProperties.swift"; sourceTree = "<group>"; };
		50CF4C101DA9452800FA7C99 /* Fugitive.swift */ = {isa = PBXFileReference; fileEncoding = 4; lastKnownFileType = sourcecode.swift; path = Fugitive.swift; sourceTree = "<group>"; };
		50CF4C131DA9546C00FA7C99 /* CapturadosTableViewController.swift */ = {isa = PBXFileReference; fileEncoding = 4; lastKnownFileType = sourcecode.swift; path = CapturadosTableViewController.swift; sourceTree = "<group>"; };
		50CF4C151DA9686D00FA7C99 /* NuevoViewController.swift */ = {isa = PBXFileReference; fileEncoding = 4; lastKnownFileType = sourcecode.swift; path = NuevoViewController.swift; sourceTree = "<group>"; };
		7814A9BD1DC3FB47004A32E1 /* CapturadoViewController.swift */ = {isa = PBXFileReference; fileEncoding = 4; lastKnownFileType = sourcecode.swift; path = CapturadoViewController.swift; sourceTree = "<group>"; };
		7814A9C11DC4E89B004A32E1 /* Social.framework */ = {isa = PBXFileReference; lastKnownFileType = wrapper.framework; name = Social.framework; path = System/Library/Frameworks/Social.framework; sourceTree = SDKROOT; };
		FBAFAE7D1DC3E73100FA7797 /* fugitivo.png */ = {isa = PBXFileReference; lastKnownFileType = image.png; path = fugitivo.png; sourceTree = "<group>"; };
/* End PBXFileReference section */

/* Begin PBXFrameworksBuildPhase section */
		501D07241D9FFE6A0098C7B2 /* Frameworks */ = {
			isa = PBXFrameworksBuildPhase;
			buildActionMask = 2147483647;
			files = (
				7814A9C21DC4E89B004A32E1 /* Social.framework in Frameworks */,
				501D07491DA02BAD0098C7B2 /* CoreData.framework in Frameworks */,
			);
			runOnlyForDeploymentPostprocessing = 0;
		};
/* End PBXFrameworksBuildPhase section */

/* Begin PBXGroup section */
		501D071E1D9FFE6A0098C7B2 = {
			isa = PBXGroup;
			children = (
				7814A9C11DC4E89B004A32E1 /* Social.framework */,
				7814A9BD1DC3FB47004A32E1 /* CapturadoViewController.swift */,
				50CF4C151DA9686D00FA7C99 /* NuevoViewController.swift */,
				50CF4C131DA9546C00FA7C99 /* CapturadosTableViewController.swift */,
				50CF4C0F1DA9452800FA7C99 /* Fugitive+CoreDataProperties.swift */,
				50CF4C101DA9452800FA7C99 /* Fugitive.swift */,
				50CF4C0D1DA938D500FA7C99 /* FugitivosTableViewController.swift */,
				501D07701DA035360098C7B2 /* DBManager.swift */,
				501D07481DA02BAD0098C7B2 /* CoreData.framework */,
				501D07441DA015C90098C7B2 /* CustomTextField.swift */,
				501D07421DA00B560098C7B2 /* Constantes.swift */,
				501D07291D9FFE6A0098C7B2 /* BountyHunter */,
				501D07281D9FFE6A0098C7B2 /* Products */,
			);
			sourceTree = "<group>";
		};
		501D07281D9FFE6A0098C7B2 /* Products */ = {
			isa = PBXGroup;
			children = (
				501D07271D9FFE6A0098C7B2 /* BountyHunter.app */,
			);
			name = Products;
			sourceTree = "<group>";
		};
		501D07291D9FFE6A0098C7B2 /* BountyHunter */ = {
			isa = PBXGroup;
			children = (
				FBAFAE7D1DC3E73100FA7797 /* fugitivo.png */,
				501D076D1DA02EE10098C7B2 /* BountyHunter.xcdatamodeld */,
				501D07461DA02B0F0098C7B2 /* BountyHunter.sqlite */,
				501D07401DA002550098C7B2 /* CustomLabel.swift */,
				501D073C1D9FFFA70098C7B2 /* Champagne & Limousines Bold.ttf */,
				501D073D1D9FFFA70098C7B2 /* Champagne & Limousines.ttf */,
				501D072A1D9FFE6A0098C7B2 /* AppDelegate.swift */,
				501D072E1D9FFE6A0098C7B2 /* Main.storyboard */,
				501D07311D9FFE6A0098C7B2 /* Assets.xcassets */,
				501D07331D9FFE6A0098C7B2 /* LaunchScreen.storyboard */,
				501D07361D9FFE6A0098C7B2 /* Info.plist */,
			);
			path = BountyHunter;
			sourceTree = "<group>";
		};
/* End PBXGroup section */

/* Begin PBXNativeTarget section */
		501D07261D9FFE6A0098C7B2 /* BountyHunter */ = {
			isa = PBXNativeTarget;
			buildConfigurationList = 501D07391D9FFE6A0098C7B2 /* Build configuration list for PBXNativeTarget "BountyHunter" */;
			buildPhases = (
				501D07231D9FFE6A0098C7B2 /* Sources */,
				501D07241D9FFE6A0098C7B2 /* Frameworks */,
				501D07251D9FFE6A0098C7B2 /* Resources */,
			);
			buildRules = (
			);
			dependencies = (
			);
			name = BountyHunter;
			productName = BountyHunter;
			productReference = 501D07271D9FFE6A0098C7B2 /* BountyHunter.app */;
			productType = "com.apple.product-type.application";
		};
/* End PBXNativeTarget section */

/* Begin PBXProject section */
		501D071F1D9FFE6A0098C7B2 /* Project object */ = {
			isa = PBXProject;
			attributes = {
				LastSwiftUpdateCheck = 0730;
				LastUpgradeCheck = 0730;
				ORGANIZATIONNAME = Infraestructura;
				TargetAttributes = {
					501D07261D9FFE6A0098C7B2 = {
						CreatedOnToolsVersion = 7.3.1;
						DevelopmentTeam = R99ZNH4ESQ;
					};
				};
			};
			buildConfigurationList = 501D07221D9FFE6A0098C7B2 /* Build configuration list for PBXProject "BountyHunter" */;
			compatibilityVersion = "Xcode 3.2";
			developmentRegion = English;
			hasScannedForEncodings = 0;
			knownRegions = (
				en,
				Base,
			);
			mainGroup = 501D071E1D9FFE6A0098C7B2;
			productRefGroup = 501D07281D9FFE6A0098C7B2 /* Products */;
			projectDirPath = "";
			projectRoot = "";
			targets = (
				501D07261D9FFE6A0098C7B2 /* BountyHunter */,
			);
		};
/* End PBXProject section */

/* Begin PBXResourcesBuildPhase section */
		501D07251D9FFE6A0098C7B2 /* Resources */ = {
			isa = PBXResourcesBuildPhase;
			buildActionMask = 2147483647;
			files = (
				501D07351D9FFE6A0098C7B2 /* LaunchScreen.storyboard in Resources */,
				501D073F1D9FFFA70098C7B2 /* Champagne & Limousines.ttf in Resources */,
				501D07471DA02B0F0098C7B2 /* BountyHunter.sqlite in Resources */,
				501D07321D9FFE6A0098C7B2 /* Assets.xcassets in Resources */,
				501D073E1D9FFFA70098C7B2 /* Champagne & Limousines Bold.ttf in Resources */,
				501D07301D9FFE6A0098C7B2 /* Main.storyboard in Resources */,
				FBAFAE7E1DC3E73100FA7797 /* fugitivo.png in Resources */,
			);
			runOnlyForDeploymentPostprocessing = 0;
		};
/* End PBXResourcesBuildPhase section */

/* Begin PBXSourcesBuildPhase section */
		501D07231D9FFE6A0098C7B2 /* Sources */ = {
			isa = PBXSourcesBuildPhase;
			buildActionMask = 2147483647;
			files = (
				50CF4C161DA9686D00FA7C99 /* NuevoViewController.swift in Sources */,
				501D07431DA00B560098C7B2 /* Constantes.swift in Sources */,
				7814A9BE1DC3FB47004A32E1 /* CapturadoViewController.swift in Sources */,
				501D076F1DA02EE10098C7B2 /* BountyHunter.xcdatamodeld in Sources */,
				501D07411DA002550098C7B2 /* CustomLabel.swift in Sources */,
				50CF4C121DA9452800FA7C99 /* Fugitive.swift in Sources */,
				50CF4C0E1DA938D500FA7C99 /* FugitivosTableViewController.swift in Sources */,
				50CF4C111DA9452800FA7C99 /* Fugitive+CoreDataProperties.swift in Sources */,
				50CF4C141DA9546C00FA7C99 /* CapturadosTableViewController.swift in Sources */,
				501D072B1D9FFE6A0098C7B2 /* AppDelegate.swift in Sources */,
				501D07451DA015C90098C7B2 /* CustomTextField.swift in Sources */,
				501D07711DA035360098C7B2 /* DBManager.swift in Sources */,
			);
			runOnlyForDeploymentPostprocessing = 0;
		};
/* End PBXSourcesBuildPhase section */

/* Begin PBXVariantGroup section */
		501D072E1D9FFE6A0098C7B2 /* Main.storyboard */ = {
			isa = PBXVariantGroup;
			children = (
				501D072F1D9FFE6A0098C7B2 /* Base */,
			);
			name = Main.storyboard;
			sourceTree = "<group>";
		};
		501D07331D9FFE6A0098C7B2 /* LaunchScreen.storyboard */ = {
			isa = PBXVariantGroup;
			children = (
				501D07341D9FFE6A0098C7B2 /* Base */,
			);
			name = LaunchScreen.storyboard;
			sourceTree = "<group>";
		};
/* End PBXVariantGroup section */

/* Begin XCBuildConfiguration section */
		501D07371D9FFE6A0098C7B2 /* Debug */ = {
			isa = XCBuildConfiguration;
			buildSettings = {
				ALWAYS_SEARCH_USER_PATHS = NO;
				CLANG_ANALYZER_NONNULL = YES;
				CLANG_CXX_LANGUAGE_STANDARD = "gnu++0x";
				CLANG_CXX_LIBRARY = "libc++";
				CLANG_ENABLE_MODULES = YES;
				CLANG_ENABLE_OBJC_ARC = YES;
				CLANG_WARN_BOOL_CONVERSION = YES;
				CLANG_WARN_CONSTANT_CONVERSION = YES;
				CLANG_WARN_DIRECT_OBJC_ISA_USAGE = YES_ERROR;
				CLANG_WARN_EMPTY_BODY = YES;
				CLANG_WARN_ENUM_CONVERSION = YES;
				CLANG_WARN_INT_CONVERSION = YES;
				CLANG_WARN_OBJC_ROOT_CLASS = YES_ERROR;
				CLANG_WARN_UNREACHABLE_CODE = YES;
				CLANG_WARN__DUPLICATE_METHOD_MATCH = YES;
				"CODE_SIGN_IDENTITY[sdk=iphoneos*]" = "iPhone Developer";
				COPY_PHASE_STRIP = NO;
				DEBUG_INFORMATION_FORMAT = dwarf;
				ENABLE_STRICT_OBJC_MSGSEND = YES;
				ENABLE_TESTABILITY = YES;
				GCC_C_LANGUAGE_STANDARD = gnu99;
				GCC_DYNAMIC_NO_PIC = NO;
				GCC_NO_COMMON_BLOCKS = YES;
				GCC_OPTIMIZATION_LEVEL = 0;
				GCC_PREPROCESSOR_DEFINITIONS = (
					"DEBUG=1",
					"$(inherited)",
				);
				GCC_WARN_64_TO_32_BIT_CONVERSION = YES;
				GCC_WARN_ABOUT_RETURN_TYPE = YES_ERROR;
				GCC_WARN_UNDECLARED_SELECTOR = YES;
				GCC_WARN_UNINITIALIZED_AUTOS = YES_AGGRESSIVE;
				GCC_WARN_UNUSED_FUNCTION = YES;
				GCC_WARN_UNUSED_VARIABLE = YES;
				IPHONEOS_DEPLOYMENT_TARGET = 9.3;
				MTL_ENABLE_DEBUG_INFO = YES;
				ONLY_ACTIVE_ARCH = YES;
				SDKROOT = iphoneos;
				SWIFT_OPTIMIZATION_LEVEL = "-Onone";
			};
			name = Debug;
		};
		501D07381D9FFE6A0098C7B2 /* Release */ = {
			isa = XCBuildConfiguration;
			buildSettings = {
				ALWAYS_SEARCH_USER_PATHS = NO;
				CLANG_ANALYZER_NONNULL = YES;
				CLANG_CXX_LANGUAGE_STANDARD = "gnu++0x";
				CLANG_CXX_LIBRARY = "libc++";
				CLANG_ENABLE_MODULES = YES;
				CLANG_ENABLE_OBJC_ARC = YES;
				CLANG_WARN_BOOL_CONVERSION = YES;
				CLANG_WARN_CONSTANT_CONVERSION = YES;
				CLANG_WARN_DIRECT_OBJC_ISA_USAGE = YES_ERROR;
				CLANG_WARN_EMPTY_BODY = YES;
				CLANG_WARN_ENUM_CONVERSION = YES;
				CLANG_WARN_INT_CONVERSION = YES;
				CLANG_WARN_OBJC_ROOT_CLASS = YES_ERROR;
				CLANG_WARN_UNREACHABLE_CODE = YES;
				CLANG_WARN__DUPLICATE_METHOD_MATCH = YES;
				"CODE_SIGN_IDENTITY[sdk=iphoneos*]" = "iPhone Developer";
				COPY_PHASE_STRIP = NO;
				DEBUG_INFORMATION_FORMAT = "dwarf-with-dsym";
				ENABLE_NS_ASSERTIONS = NO;
				ENABLE_STRICT_OBJC_MSGSEND = YES;
				GCC_C_LANGUAGE_STANDARD = gnu99;
				GCC_NO_COMMON_BLOCKS = YES;
				GCC_WARN_64_TO_32_BIT_CONVERSION = YES;
				GCC_WARN_ABOUT_RETURN_TYPE = YES_ERROR;
				GCC_WARN_UNDECLARED_SELECTOR = YES;
				GCC_WARN_UNINITIALIZED_AUTOS = YES_AGGRESSIVE;
				GCC_WARN_UNUSED_FUNCTION = YES;
				GCC_WARN_UNUSED_VARIABLE = YES;
				IPHONEOS_DEPLOYMENT_TARGET = 9.3;
				MTL_ENABLE_DEBUG_INFO = NO;
				SDKROOT = iphoneos;
				VALIDATE_PRODUCT = YES;
			};
			name = Release;
		};
		501D073A1D9FFE6A0098C7B2 /* Debug */ = {
			isa = XCBuildConfiguration;
			buildSettings = {
				ASSETCATALOG_COMPILER_APPICON_NAME = AppIcon;
				CODE_SIGN_IDENTITY = "iPhone Developer";
				"CODE_SIGN_IDENTITY[sdk=iphoneos*]" = "iPhone Developer";
				INFOPLIST_FILE = BountyHunter/Info.plist;
				IPHONEOS_DEPLOYMENT_TARGET = 7.1;
				LD_RUNPATH_SEARCH_PATHS = "$(inherited) @executable_path/Frameworks";
				PRODUCT_BUNDLE_IDENTIFIER = mx.OrdunaNidia.mod8.BountyHunter;
				PRODUCT_NAME = "$(TARGET_NAME)";
				PROVISIONING_PROFILE = "";
			};
			name = Debug;
		};
		501D073B1D9FFE6A0098C7B2 /* Release */ = {
			isa = XCBuildConfiguration;
			buildSettings = {
				ASSETCATALOG_COMPILER_APPICON_NAME = AppIcon;
				CODE_SIGN_IDENTITY = "iPhone Developer";
				"CODE_SIGN_IDENTITY[sdk=iphoneos*]" = "iPhone Developer";
				INFOPLIST_FILE = BountyHunter/Info.plist;
				IPHONEOS_DEPLOYMENT_TARGET = 7.1;
				LD_RUNPATH_SEARCH_PATHS = "$(inherited) @executable_path/Frameworks";
				PRODUCT_BUNDLE_IDENTIFIER = mx.OrdunaNidia.mod8.BountyHunter;
				PRODUCT_NAME = "$(TARGET_NAME)";
				PROVISIONING_PROFILE = "";
			};
			name = Release;
		};
/* End XCBuildConfiguration section */

/* Begin XCConfigurationList section */
		501D07221D9FFE6A0098C7B2 /* Build configuration list for PBXProject "BountyHunter" */ = {
			isa = XCConfigurationList;
			buildConfigurations = (
				501D07371D9FFE6A0098C7B2 /* Debug */,
				501D07381D9FFE6A0098C7B2 /* Release */,
			);
			defaultConfigurationIsVisible = 0;
			defaultConfigurationName = Release;
		};
		501D07391D9FFE6A0098C7B2 /* Build configuration list for PBXNativeTarget "BountyHunter" */ = {
			isa = XCConfigurationList;
			buildConfigurations = (
				501D073A1D9FFE6A0098C7B2 /* Debug */,
				501D073B1D9FFE6A0098C7B2 /* Release */,
			);
			defaultConfigurationIsVisible = 0;
			defaultConfigurationName = Release;
		};
/* End XCConfigurationList section */

/* Begin XCVersionGroup section */
		501D076D1DA02EE10098C7B2 /* BountyHunter.xcdatamodeld */ = {
			isa = XCVersionGroup;
			children = (
				501D076E1DA02EE10098C7B2 /* BountyHunter.xcdatamodel */,
			);
			currentVersion = 501D076E1DA02EE10098C7B2 /* BountyHunter.xcdatamodel */;
			path = BountyHunter.xcdatamodeld;
			sourceTree = SOURCE_ROOT;
			versionGroupType = wrapper.xcdatamodel;
		};
/* End XCVersionGroup section */
	};
	rootObject = 501D071F1D9FFE6A0098C7B2 /* Project object */;
}
